// !$*UTF8*$!
{
	archiveVersion = 1;
	classes = {
	};
	objectVersion = 56;
	objects = {

/* Begin PBXBuildFile section */
		11F775A22A275E8700ED1BDA /* ReduxPlaygroundApp.swift in Sources */ = {isa = PBXBuildFile; fileRef = 11F775A12A275E8700ED1BDA /* ReduxPlaygroundApp.swift */; };
		11F775A42A275E8700ED1BDA /* ContentView.swift in Sources */ = {isa = PBXBuildFile; fileRef = 11F775A32A275E8700ED1BDA /* ContentView.swift */; };
		11F775A62A275E8B00ED1BDA /* Assets.xcassets in Resources */ = {isa = PBXBuildFile; fileRef = 11F775A52A275E8B00ED1BDA /* Assets.xcassets */; };
		11F775A92A275E8B00ED1BDA /* Preview Assets.xcassets in Resources */ = {isa = PBXBuildFile; fileRef = 11F775A82A275E8B00ED1BDA /* Preview Assets.xcassets */; };
		11F775B32A275E8C00ED1BDA /* ReduxPlaygroundTests.swift in Sources */ = {isa = PBXBuildFile; fileRef = 11F775B22A275E8C00ED1BDA /* ReduxPlaygroundTests.swift */; };
		11F775BD2A275E8C00ED1BDA /* ReduxPlaygroundUITests.swift in Sources */ = {isa = PBXBuildFile; fileRef = 11F775BC2A275E8C00ED1BDA /* ReduxPlaygroundUITests.swift */; };
		11F775BF2A275E8C00ED1BDA /* ReduxPlaygroundUITestsLaunchTests.swift in Sources */ = {isa = PBXBuildFile; fileRef = 11F775BE2A275E8C00ED1BDA /* ReduxPlaygroundUITestsLaunchTests.swift */; };
		11F775CD2A27601700ED1BDA /* Store.swift in Sources */ = {isa = PBXBuildFile; fileRef = 11F775CC2A27601700ED1BDA /* Store.swift */; };
		11F775CF2A27612700ED1BDA /* ApplicationState.swift in Sources */ = {isa = PBXBuildFile; fileRef = 11F775CE2A27612700ED1BDA /* ApplicationState.swift */; };
		11F775D32A27615B00ED1BDA /* ApplicationAction.swift in Sources */ = {isa = PBXBuildFile; fileRef = 11F775D22A27615B00ED1BDA /* ApplicationAction.swift */; };
		11F775D52A27619000ED1BDA /* ApplicationStore.swift in Sources */ = {isa = PBXBuildFile; fileRef = 11F775D42A27619000ED1BDA /* ApplicationStore.swift */; };
		11F775DD2A27661800ED1BDA /* Middleware.swift in Sources */ = {isa = PBXBuildFile; fileRef = 11F775DC2A27661800ED1BDA /* Middleware.swift */; };
		11F775DF2A2767AA00ED1BDA /* AnyMiddleware.swift in Sources */ = {isa = PBXBuildFile; fileRef = 11F775DE2A2767AA00ED1BDA /* AnyMiddleware.swift */; };
		11F775E12A2768E300ED1BDA /* EchoMiddleware.swift in Sources */ = {isa = PBXBuildFile; fileRef = 11F775E02A2768E300ED1BDA /* EchoMiddleware.swift */; };
		11F775E32A276A1B00ED1BDA /* MiddlewarePipeline.swift in Sources */ = {isa = PBXBuildFile; fileRef = 11F775E22A276A1B00ED1BDA /* MiddlewarePipeline.swift */; };
		11F775E52A276BBC00ED1BDA /* MiddlewareBuilder.swift in Sources */ = {isa = PBXBuildFile; fileRef = 11F775E42A276BBC00ED1BDA /* MiddlewareBuilder.swift */; };
		11F775E72A27738E00ED1BDA /* LogMiddleware.swift in Sources */ = {isa = PBXBuildFile; fileRef = 11F775E62A27738E00ED1BDA /* LogMiddleware.swift */; };
		11F775E92A277A9E00ED1BDA /* LoginMiddleware.swift in Sources */ = {isa = PBXBuildFile; fileRef = 11F775E82A277A9E00ED1BDA /* LoginMiddleware.swift */; };
		11F775EB2A277C6E00ED1BDA /* LoginView.swift in Sources */ = {isa = PBXBuildFile; fileRef = 11F775EA2A277C6E00ED1BDA /* LoginView.swift */; };
		11F775ED2A277FF900ED1BDA /* HomeView.swift in Sources */ = {isa = PBXBuildFile; fileRef = 11F775EC2A277FF900ED1BDA /* HomeView.swift */; };
/* End PBXBuildFile section */

/* Begin PBXContainerItemProxy section */
		11F775AF2A275E8C00ED1BDA /* PBXContainerItemProxy */ = {
			isa = PBXContainerItemProxy;
			containerPortal = 11F775962A275E8700ED1BDA /* Project object */;
			proxyType = 1;
			remoteGlobalIDString = 11F7759D2A275E8700ED1BDA;
			remoteInfo = ReduxPlayground;
		};
		11F775B92A275E8C00ED1BDA /* PBXContainerItemProxy */ = {
			isa = PBXContainerItemProxy;
			containerPortal = 11F775962A275E8700ED1BDA /* Project object */;
			proxyType = 1;
			remoteGlobalIDString = 11F7759D2A275E8700ED1BDA;
			remoteInfo = ReduxPlayground;
		};
/* End PBXContainerItemProxy section */

/* Begin PBXFileReference section */
		11F7759E2A275E8700ED1BDA /* ReduxPlayground.app */ = {isa = PBXFileReference; explicitFileType = wrapper.application; includeInIndex = 0; path = ReduxPlayground.app; sourceTree = BUILT_PRODUCTS_DIR; };
		11F775A12A275E8700ED1BDA /* ReduxPlaygroundApp.swift */ = {isa = PBXFileReference; lastKnownFileType = sourcecode.swift; path = ReduxPlaygroundApp.swift; sourceTree = "<group>"; };
		11F775A32A275E8700ED1BDA /* ContentView.swift */ = {isa = PBXFileReference; lastKnownFileType = sourcecode.swift; path = ContentView.swift; sourceTree = "<group>"; };
		11F775A52A275E8B00ED1BDA /* Assets.xcassets */ = {isa = PBXFileReference; lastKnownFileType = folder.assetcatalog; path = Assets.xcassets; sourceTree = "<group>"; };
		11F775A82A275E8B00ED1BDA /* Preview Assets.xcassets */ = {isa = PBXFileReference; lastKnownFileType = folder.assetcatalog; path = "Preview Assets.xcassets"; sourceTree = "<group>"; };
		11F775AE2A275E8C00ED1BDA /* ReduxPlaygroundTests.xctest */ = {isa = PBXFileReference; explicitFileType = wrapper.cfbundle; includeInIndex = 0; path = ReduxPlaygroundTests.xctest; sourceTree = BUILT_PRODUCTS_DIR; };
		11F775B22A275E8C00ED1BDA /* ReduxPlaygroundTests.swift */ = {isa = PBXFileReference; lastKnownFileType = sourcecode.swift; path = ReduxPlaygroundTests.swift; sourceTree = "<group>"; };
		11F775B82A275E8C00ED1BDA /* ReduxPlaygroundUITests.xctest */ = {isa = PBXFileReference; explicitFileType = wrapper.cfbundle; includeInIndex = 0; path = ReduxPlaygroundUITests.xctest; sourceTree = BUILT_PRODUCTS_DIR; };
		11F775BC2A275E8C00ED1BDA /* ReduxPlaygroundUITests.swift */ = {isa = PBXFileReference; lastKnownFileType = sourcecode.swift; path = ReduxPlaygroundUITests.swift; sourceTree = "<group>"; };
		11F775BE2A275E8C00ED1BDA /* ReduxPlaygroundUITestsLaunchTests.swift */ = {isa = PBXFileReference; lastKnownFileType = sourcecode.swift; path = ReduxPlaygroundUITestsLaunchTests.swift; sourceTree = "<group>"; };
		11F775CC2A27601700ED1BDA /* Store.swift */ = {isa = PBXFileReference; lastKnownFileType = sourcecode.swift; path = Store.swift; sourceTree = "<group>"; };
		11F775CE2A27612700ED1BDA /* ApplicationState.swift */ = {isa = PBXFileReference; lastKnownFileType = sourcecode.swift; path = ApplicationState.swift; sourceTree = "<group>"; };
		11F775D22A27615B00ED1BDA /* ApplicationAction.swift */ = {isa = PBXFileReference; lastKnownFileType = sourcecode.swift; path = ApplicationAction.swift; sourceTree = "<group>"; };
		11F775D42A27619000ED1BDA /* ApplicationStore.swift */ = {isa = PBXFileReference; lastKnownFileType = sourcecode.swift; path = ApplicationStore.swift; sourceTree = "<group>"; };
		11F775DC2A27661800ED1BDA /* Middleware.swift */ = {isa = PBXFileReference; lastKnownFileType = sourcecode.swift; path = Middleware.swift; sourceTree = "<group>"; };
		11F775DE2A2767AA00ED1BDA /* AnyMiddleware.swift */ = {isa = PBXFileReference; lastKnownFileType = sourcecode.swift; path = AnyMiddleware.swift; sourceTree = "<group>"; };
		11F775E02A2768E300ED1BDA /* EchoMiddleware.swift */ = {isa = PBXFileReference; lastKnownFileType = sourcecode.swift; path = EchoMiddleware.swift; sourceTree = "<group>"; };
		11F775E22A276A1B00ED1BDA /* MiddlewarePipeline.swift */ = {isa = PBXFileReference; lastKnownFileType = sourcecode.swift; path = MiddlewarePipeline.swift; sourceTree = "<group>"; };
		11F775E42A276BBC00ED1BDA /* MiddlewareBuilder.swift */ = {isa = PBXFileReference; lastKnownFileType = sourcecode.swift; path = MiddlewareBuilder.swift; sourceTree = "<group>"; };
		11F775E62A27738E00ED1BDA /* LogMiddleware.swift */ = {isa = PBXFileReference; lastKnownFileType = sourcecode.swift; path = LogMiddleware.swift; sourceTree = "<group>"; };
		11F775E82A277A9E00ED1BDA /* LoginMiddleware.swift */ = {isa = PBXFileReference; lastKnownFileType = sourcecode.swift; path = LoginMiddleware.swift; sourceTree = "<group>"; };
		11F775EA2A277C6E00ED1BDA /* LoginView.swift */ = {isa = PBXFileReference; lastKnownFileType = sourcecode.swift; path = LoginView.swift; sourceTree = "<group>"; };
		11F775EC2A277FF900ED1BDA /* HomeView.swift */ = {isa = PBXFileReference; lastKnownFileType = sourcecode.swift; path = HomeView.swift; sourceTree = "<group>"; };
/* End PBXFileReference section */

/* Begin PBXFrameworksBuildPhase section */
		11F7759B2A275E8700ED1BDA /* Frameworks */ = {
			isa = PBXFrameworksBuildPhase;
			buildActionMask = 2147483647;
			files = (
			);
			runOnlyForDeploymentPostprocessing = 0;
		};
		11F775AB2A275E8C00ED1BDA /* Frameworks */ = {
			isa = PBXFrameworksBuildPhase;
			buildActionMask = 2147483647;
			files = (
			);
			runOnlyForDeploymentPostprocessing = 0;
		};
		11F775B52A275E8C00ED1BDA /* Frameworks */ = {
			isa = PBXFrameworksBuildPhase;
			buildActionMask = 2147483647;
			files = (
			);
			runOnlyForDeploymentPostprocessing = 0;
		};
/* End PBXFrameworksBuildPhase section */

/* Begin PBXGroup section */
		11F775952A275E8700ED1BDA = {
			isa = PBXGroup;
			children = (
				11F775A02A275E8700ED1BDA /* ReduxPlayground */,
				11F775B12A275E8C00ED1BDA /* ReduxPlaygroundTests */,
				11F775BB2A275E8C00ED1BDA /* ReduxPlaygroundUITests */,
				11F7759F2A275E8700ED1BDA /* Products */,
			);
			sourceTree = "<group>";
		};
		11F7759F2A275E8700ED1BDA /* Products */ = {
			isa = PBXGroup;
			children = (
				11F7759E2A275E8700ED1BDA /* ReduxPlayground.app */,
				11F775AE2A275E8C00ED1BDA /* ReduxPlaygroundTests.xctest */,
				11F775B82A275E8C00ED1BDA /* ReduxPlaygroundUITests.xctest */,
			);
			name = Products;
			sourceTree = "<group>";
		};
		11F775A02A275E8700ED1BDA /* ReduxPlayground */ = {
			isa = PBXGroup;
			children = (
				11F775DB2A27660A00ED1BDA /* Middleware */,
				11F775D62A2761B400ED1BDA /* View */,
				11F775D02A27614100ED1BDA /* State */,
				11F775CB2A27600800ED1BDA /* Store */,
				11F775A12A275E8700ED1BDA /* ReduxPlaygroundApp.swift */,
				11F775A32A275E8700ED1BDA /* ContentView.swift */,
				11F775A52A275E8B00ED1BDA /* Assets.xcassets */,
				11F775A72A275E8B00ED1BDA /* Preview Content */,
			);
			path = ReduxPlayground;
			sourceTree = "<group>";
		};
		11F775A72A275E8B00ED1BDA /* Preview Content */ = {
			isa = PBXGroup;
			children = (
				11F775A82A275E8B00ED1BDA /* Preview Assets.xcassets */,
			);
			path = "Preview Content";
			sourceTree = "<group>";
		};
		11F775B12A275E8C00ED1BDA /* ReduxPlaygroundTests */ = {
			isa = PBXGroup;
			children = (
				11F775B22A275E8C00ED1BDA /* ReduxPlaygroundTests.swift */,
			);
			path = ReduxPlaygroundTests;
			sourceTree = "<group>";
		};
		11F775BB2A275E8C00ED1BDA /* ReduxPlaygroundUITests */ = {
			isa = PBXGroup;
			children = (
				11F775BC2A275E8C00ED1BDA /* ReduxPlaygroundUITests.swift */,
				11F775BE2A275E8C00ED1BDA /* ReduxPlaygroundUITestsLaunchTests.swift */,
			);
			path = ReduxPlaygroundUITests;
			sourceTree = "<group>";
		};
		11F775CB2A27600800ED1BDA /* Store */ = {
			isa = PBXGroup;
			children = (
				11F775D42A27619000ED1BDA /* ApplicationStore.swift */,
				11F775CC2A27601700ED1BDA /* Store.swift */,
			);
			path = Store;
			sourceTree = "<group>";
		};
		11F775D02A27614100ED1BDA /* State */ = {
			isa = PBXGroup;
			children = (
				11F775CE2A27612700ED1BDA /* ApplicationState.swift */,
				11F775D22A27615B00ED1BDA /* ApplicationAction.swift */,
			);
			path = State;
			sourceTree = "<group>";
		};
		11F775D62A2761B400ED1BDA /* View */ = {
			isa = PBXGroup;
			children = (
				11F775EA2A277C6E00ED1BDA /* LoginView.swift */,
				11F775EC2A277FF900ED1BDA /* HomeView.swift */,
			);
			path = View;
			sourceTree = "<group>";
		};
		11F775DB2A27660A00ED1BDA /* Middleware */ = {
			isa = PBXGroup;
			children = (
				11F775DC2A27661800ED1BDA /* Middleware.swift */,
				11F775DE2A2767AA00ED1BDA /* AnyMiddleware.swift */,
				11F775E02A2768E300ED1BDA /* EchoMiddleware.swift */,
				11F775E22A276A1B00ED1BDA /* MiddlewarePipeline.swift */,
				11F775E42A276BBC00ED1BDA /* MiddlewareBuilder.swift */,
				11F775E62A27738E00ED1BDA /* LogMiddleware.swift */,
				11F775E82A277A9E00ED1BDA /* LoginMiddleware.swift */,
			);
			path = Middleware;
			sourceTree = "<group>";
		};
/* End PBXGroup section */

/* Begin PBXNativeTarget section */
		11F7759D2A275E8700ED1BDA /* ReduxPlayground */ = {
			isa = PBXNativeTarget;
			buildConfigurationList = 11F775C22A275E8C00ED1BDA /* Build configuration list for PBXNativeTarget "ReduxPlayground" */;
			buildPhases = (
				11F7759A2A275E8700ED1BDA /* Sources */,
				11F7759B2A275E8700ED1BDA /* Frameworks */,
				11F7759C2A275E8700ED1BDA /* Resources */,
			);
			buildRules = (
			);
			dependencies = (
			);
			name = ReduxPlayground;
			productName = ReduxPlayground;
			productReference = 11F7759E2A275E8700ED1BDA /* ReduxPlayground.app */;
			productType = "com.apple.product-type.application";
		};
		11F775AD2A275E8C00ED1BDA /* ReduxPlaygroundTests */ = {
			isa = PBXNativeTarget;
			buildConfigurationList = 11F775C52A275E8C00ED1BDA /* Build configuration list for PBXNativeTarget "ReduxPlaygroundTests" */;
			buildPhases = (
				11F775AA2A275E8C00ED1BDA /* Sources */,
				11F775AB2A275E8C00ED1BDA /* Frameworks */,
				11F775AC2A275E8C00ED1BDA /* Resources */,
			);
			buildRules = (
			);
			dependencies = (
				11F775B02A275E8C00ED1BDA /* PBXTargetDependency */,
			);
			name = ReduxPlaygroundTests;
			productName = ReduxPlaygroundTests;
			productReference = 11F775AE2A275E8C00ED1BDA /* ReduxPlaygroundTests.xctest */;
			productType = "com.apple.product-type.bundle.unit-test";
		};
		11F775B72A275E8C00ED1BDA /* ReduxPlaygroundUITests */ = {
			isa = PBXNativeTarget;
			buildConfigurationList = 11F775C82A275E8C00ED1BDA /* Build configuration list for PBXNativeTarget "ReduxPlaygroundUITests" */;
			buildPhases = (
				11F775B42A275E8C00ED1BDA /* Sources */,
				11F775B52A275E8C00ED1BDA /* Frameworks */,
				11F775B62A275E8C00ED1BDA /* Resources */,
			);
			buildRules = (
			);
			dependencies = (
				11F775BA2A275E8C00ED1BDA /* PBXTargetDependency */,
			);
			name = ReduxPlaygroundUITests;
			productName = ReduxPlaygroundUITests;
			productReference = 11F775B82A275E8C00ED1BDA /* ReduxPlaygroundUITests.xctest */;
			productType = "com.apple.product-type.bundle.ui-testing";
		};
/* End PBXNativeTarget section */

/* Begin PBXProject section */
		11F775962A275E8700ED1BDA /* Project object */ = {
			isa = PBXProject;
			attributes = {
				BuildIndependentTargetsInParallel = 1;
				LastSwiftUpdateCheck = 1430;
				LastUpgradeCheck = 1430;
				TargetAttributes = {
					11F7759D2A275E8700ED1BDA = {
						CreatedOnToolsVersion = 14.3;
					};
					11F775AD2A275E8C00ED1BDA = {
						CreatedOnToolsVersion = 14.3;
						TestTargetID = 11F7759D2A275E8700ED1BDA;
					};
					11F775B72A275E8C00ED1BDA = {
						CreatedOnToolsVersion = 14.3;
						TestTargetID = 11F7759D2A275E8700ED1BDA;
					};
				};
			};
			buildConfigurationList = 11F775992A275E8700ED1BDA /* Build configuration list for PBXProject "ReduxPlayground" */;
			compatibilityVersion = "Xcode 14.0";
			developmentRegion = en;
			hasScannedForEncodings = 0;
			knownRegions = (
				en,
				Base,
			);
			mainGroup = 11F775952A275E8700ED1BDA;
			productRefGroup = 11F7759F2A275E8700ED1BDA /* Products */;
			projectDirPath = "";
			projectRoot = "";
			targets = (
				11F7759D2A275E8700ED1BDA /* ReduxPlayground */,
				11F775AD2A275E8C00ED1BDA /* ReduxPlaygroundTests */,
				11F775B72A275E8C00ED1BDA /* ReduxPlaygroundUITests */,
			);
		};
/* End PBXProject section */

/* Begin PBXResourcesBuildPhase section */
		11F7759C2A275E8700ED1BDA /* Resources */ = {
			isa = PBXResourcesBuildPhase;
			buildActionMask = 2147483647;
			files = (
				11F775A92A275E8B00ED1BDA /* Preview Assets.xcassets in Resources */,
				11F775A62A275E8B00ED1BDA /* Assets.xcassets in Resources */,
			);
			runOnlyForDeploymentPostprocessing = 0;
		};
		11F775AC2A275E8C00ED1BDA /* Resources */ = {
			isa = PBXResourcesBuildPhase;
			buildActionMask = 2147483647;
			files = (
			);
			runOnlyForDeploymentPostprocessing = 0;
		};
		11F775B62A275E8C00ED1BDA /* Resources */ = {
			isa = PBXResourcesBuildPhase;
			buildActionMask = 2147483647;
			files = (
			);
			runOnlyForDeploymentPostprocessing = 0;
		};
/* End PBXResourcesBuildPhase section */

/* Begin PBXSourcesBuildPhase section */
		11F7759A2A275E8700ED1BDA /* Sources */ = {
			isa = PBXSourcesBuildPhase;
			buildActionMask = 2147483647;
			files = (
				11F775E32A276A1B00ED1BDA /* MiddlewarePipeline.swift in Sources */,
				11F775CD2A27601700ED1BDA /* Store.swift in Sources */,
				11F775DD2A27661800ED1BDA /* Middleware.swift in Sources */,
				11F775ED2A277FF900ED1BDA /* HomeView.swift in Sources */,
				11F775A42A275E8700ED1BDA /* ContentView.swift in Sources */,
				11F775CF2A27612700ED1BDA /* ApplicationState.swift in Sources */,
				11F775E12A2768E300ED1BDA /* EchoMiddleware.swift in Sources */,
				11F775D32A27615B00ED1BDA /* ApplicationAction.swift in Sources */,
				11F775D52A27619000ED1BDA /* ApplicationStore.swift in Sources */,
				11F775EB2A277C6E00ED1BDA /* LoginView.swift in Sources */,
				11F775E72A27738E00ED1BDA /* LogMiddleware.swift in Sources */,
				11F775A22A275E8700ED1BDA /* ReduxPlaygroundApp.swift in Sources */,
				11F775E92A277A9E00ED1BDA /* LoginMiddleware.swift in Sources */,
				11F775DF2A2767AA00ED1BDA /* AnyMiddleware.swift in Sources */,
				11F775E52A276BBC00ED1BDA /* MiddlewareBuilder.swift in Sources */,
			);
			runOnlyForDeploymentPostprocessing = 0;
		};
		11F775AA2A275E8C00ED1BDA /* Sources */ = {
			isa = PBXSourcesBuildPhase;
			buildActionMask = 2147483647;
			files = (
				11F775B32A275E8C00ED1BDA /* ReduxPlaygroundTests.swift in Sources */,
			);
			runOnlyForDeploymentPostprocessing = 0;
		};
		11F775B42A275E8C00ED1BDA /* Sources */ = {
			isa = PBXSourcesBuildPhase;
			buildActionMask = 2147483647;
			files = (
				11F775BF2A275E8C00ED1BDA /* ReduxPlaygroundUITestsLaunchTests.swift in Sources */,
				11F775BD2A275E8C00ED1BDA /* ReduxPlaygroundUITests.swift in Sources */,
			);
			runOnlyForDeploymentPostprocessing = 0;
		};
/* End PBXSourcesBuildPhase section */

/* Begin PBXTargetDependency section */
		11F775B02A275E8C00ED1BDA /* PBXTargetDependency */ = {
			isa = PBXTargetDependency;
			target = 11F7759D2A275E8700ED1BDA /* ReduxPlayground */;
			targetProxy = 11F775AF2A275E8C00ED1BDA /* PBXContainerItemProxy */;
		};
		11F775BA2A275E8C00ED1BDA /* PBXTargetDependency */ = {
			isa = PBXTargetDependency;
			target = 11F7759D2A275E8700ED1BDA /* ReduxPlayground */;
			targetProxy = 11F775B92A275E8C00ED1BDA /* PBXContainerItemProxy */;
		};
/* End PBXTargetDependency section */

/* Begin XCBuildConfiguration section */
		11F775C02A275E8C00ED1BDA /* Debug */ = {
			isa = XCBuildConfiguration;
			buildSettings = {
				ALWAYS_SEARCH_USER_PATHS = NO;
				CLANG_ANALYZER_NONNULL = YES;
				CLANG_ANALYZER_NUMBER_OBJECT_CONVERSION = YES_AGGRESSIVE;
				CLANG_CXX_LANGUAGE_STANDARD = "gnu++20";
				CLANG_ENABLE_MODULES = YES;
				CLANG_ENABLE_OBJC_ARC = YES;
				CLANG_ENABLE_OBJC_WEAK = YES;
				CLANG_WARN_BLOCK_CAPTURE_AUTORELEASING = YES;
				CLANG_WARN_BOOL_CONVERSION = YES;
				CLANG_WARN_COMMA = YES;
				CLANG_WARN_CONSTANT_CONVERSION = YES;
				CLANG_WARN_DEPRECATED_OBJC_IMPLEMENTATIONS = YES;
				CLANG_WARN_DIRECT_OBJC_ISA_USAGE = YES_ERROR;
				CLANG_WARN_DOCUMENTATION_COMMENTS = YES;
				CLANG_WARN_EMPTY_BODY = YES;
				CLANG_WARN_ENUM_CONVERSION = YES;
				CLANG_WARN_INFINITE_RECURSION = YES;
				CLANG_WARN_INT_CONVERSION = YES;
				CLANG_WARN_NON_LITERAL_NULL_CONVERSION = YES;
				CLANG_WARN_OBJC_IMPLICIT_RETAIN_SELF = YES;
				CLANG_WARN_OBJC_LITERAL_CONVERSION = YES;
				CLANG_WARN_OBJC_ROOT_CLASS = YES_ERROR;
				CLANG_WARN_QUOTED_INCLUDE_IN_FRAMEWORK_HEADER = YES;
				CLANG_WARN_RANGE_LOOP_ANALYSIS = YES;
				CLANG_WARN_STRICT_PROTOTYPES = YES;
				CLANG_WARN_SUSPICIOUS_MOVE = YES;
				CLANG_WARN_UNGUARDED_AVAILABILITY = YES_AGGRESSIVE;
				CLANG_WARN_UNREACHABLE_CODE = YES;
				CLANG_WARN__DUPLICATE_METHOD_MATCH = YES;
				COPY_PHASE_STRIP = NO;
				DEBUG_INFORMATION_FORMAT = dwarf;
				ENABLE_STRICT_OBJC_MSGSEND = YES;
				ENABLE_TESTABILITY = YES;
				GCC_C_LANGUAGE_STANDARD = gnu11;
				GCC_DYNAMIC_NO_PIC = NO;
				GCC_NO_COMMON_BLOCKS = YES;
				GCC_OPTIMIZATION_LEVEL = 0;
				GCC_PREPROCESSOR_DEFINITIONS = (
					"DEBUG=1",
					"$(inherited)",
				);
				GCC_WARN_64_TO_32_BIT_CONVERSION = YES;
				GCC_WARN_ABOUT_RETURN_TYPE = YES_ERROR;
				GCC_WARN_UNDECLARED_SELECTOR = YES;
				GCC_WARN_UNINITIALIZED_AUTOS = YES_AGGRESSIVE;
				GCC_WARN_UNUSED_FUNCTION = YES;
				GCC_WARN_UNUSED_VARIABLE = YES;
				IPHONEOS_DEPLOYMENT_TARGET = 16.4;
				MTL_ENABLE_DEBUG_INFO = INCLUDE_SOURCE;
				MTL_FAST_MATH = YES;
				ONLY_ACTIVE_ARCH = YES;
				SDKROOT = iphoneos;
				SWIFT_ACTIVE_COMPILATION_CONDITIONS = DEBUG;
				SWIFT_OPTIMIZATION_LEVEL = "-Onone";
			};
			name = Debug;
		};
		11F775C12A275E8C00ED1BDA /* Release */ = {
			isa = XCBuildConfiguration;
			buildSettings = {
				ALWAYS_SEARCH_USER_PATHS = NO;
				CLANG_ANALYZER_NONNULL = YES;
				CLANG_ANALYZER_NUMBER_OBJECT_CONVERSION = YES_AGGRESSIVE;
				CLANG_CXX_LANGUAGE_STANDARD = "gnu++20";
				CLANG_ENABLE_MODULES = YES;
				CLANG_ENABLE_OBJC_ARC = YES;
				CLANG_ENABLE_OBJC_WEAK = YES;
				CLANG_WARN_BLOCK_CAPTURE_AUTORELEASING = YES;
				CLANG_WARN_BOOL_CONVERSION = YES;
				CLANG_WARN_COMMA = YES;
				CLANG_WARN_CONSTANT_CONVERSION = YES;
				CLANG_WARN_DEPRECATED_OBJC_IMPLEMENTATIONS = YES;
				CLANG_WARN_DIRECT_OBJC_ISA_USAGE = YES_ERROR;
				CLANG_WARN_DOCUMENTATION_COMMENTS = YES;
				CLANG_WARN_EMPTY_BODY = YES;
				CLANG_WARN_ENUM_CONVERSION = YES;
				CLANG_WARN_INFINITE_RECURSION = YES;
				CLANG_WARN_INT_CONVERSION = YES;
				CLANG_WARN_NON_LITERAL_NULL_CONVERSION = YES;
				CLANG_WARN_OBJC_IMPLICIT_RETAIN_SELF = YES;
				CLANG_WARN_OBJC_LITERAL_CONVERSION = YES;
				CLANG_WARN_OBJC_ROOT_CLASS = YES_ERROR;
				CLANG_WARN_QUOTED_INCLUDE_IN_FRAMEWORK_HEADER = YES;
				CLANG_WARN_RANGE_LOOP_ANALYSIS = YES;
				CLANG_WARN_STRICT_PROTOTYPES = YES;
				CLANG_WARN_SUSPICIOUS_MOVE = YES;
				CLANG_WARN_UNGUARDED_AVAILABILITY = YES_AGGRESSIVE;
				CLANG_WARN_UNREACHABLE_CODE = YES;
				CLANG_WARN__DUPLICATE_METHOD_MATCH = YES;
				COPY_PHASE_STRIP = NO;
				DEBUG_INFORMATION_FORMAT = "dwarf-with-dsym";
				ENABLE_NS_ASSERTIONS = NO;
				ENABLE_STRICT_OBJC_MSGSEND = YES;
				GCC_C_LANGUAGE_STANDARD = gnu11;
				GCC_NO_COMMON_BLOCKS = YES;
				GCC_WARN_64_TO_32_BIT_CONVERSION = YES;
				GCC_WARN_ABOUT_RETURN_TYPE = YES_ERROR;
				GCC_WARN_UNDECLARED_SELECTOR = YES;
				GCC_WARN_UNINITIALIZED_AUTOS = YES_AGGRESSIVE;
				GCC_WARN_UNUSED_FUNCTION = YES;
				GCC_WARN_UNUSED_VARIABLE = YES;
				IPHONEOS_DEPLOYMENT_TARGET = 16.4;
				MTL_ENABLE_DEBUG_INFO = NO;
				MTL_FAST_MATH = YES;
				SDKROOT = iphoneos;
				SWIFT_COMPILATION_MODE = wholemodule;
				SWIFT_OPTIMIZATION_LEVEL = "-O";
				VALIDATE_PRODUCT = YES;
			};
			name = Release;
		};
		11F775C32A275E8C00ED1BDA /* Debug */ = {
			isa = XCBuildConfiguration;
			buildSettings = {
				ASSETCATALOG_COMPILER_APPICON_NAME = AppIcon;
				ASSETCATALOG_COMPILER_GLOBAL_ACCENT_COLOR_NAME = AccentColor;
				CODE_SIGN_STYLE = Automatic;
				CURRENT_PROJECT_VERSION = 1;
				DEVELOPMENT_ASSET_PATHS = "\"ReduxPlayground/Preview Content\"";
				DEVELOPMENT_TEAM = 874QFG5XXD;
				ENABLE_PREVIEWS = YES;
				GENERATE_INFOPLIST_FILE = YES;
				INFOPLIST_KEY_UIApplicationSceneManifest_Generation = YES;
				INFOPLIST_KEY_UIApplicationSupportsIndirectInputEvents = YES;
				INFOPLIST_KEY_UILaunchScreen_Generation = YES;
				INFOPLIST_KEY_UISupportedInterfaceOrientations_iPad = "UIInterfaceOrientationPortrait UIInterfaceOrientationPortraitUpsideDown UIInterfaceOrientationLandscapeLeft UIInterfaceOrientationLandscapeRight";
				INFOPLIST_KEY_UISupportedInterfaceOrientations_iPhone = "UIInterfaceOrientationPortrait UIInterfaceOrientationLandscapeLeft UIInterfaceOrientationLandscapeRight";
				LD_RUNPATH_SEARCH_PATHS = (
					"$(inherited)",
					"@executable_path/Frameworks",
				);
				MARKETING_VERSION = 1.0;
				PRODUCT_BUNDLE_IDENTIFIER = ua.smr.ReduxPlayground;
				PRODUCT_NAME = "$(TARGET_NAME)";
				SWIFT_EMIT_LOC_STRINGS = YES;
				SWIFT_VERSION = 5.0;
				TARGETED_DEVICE_FAMILY = "1,2";
			};
			name = Debug;
		};
		11F775C42A275E8C00ED1BDA /* Release */ = {
			isa = XCBuildConfiguration;
			buildSettings = {
				ASSETCATALOG_COMPILER_APPICON_NAME = AppIcon;
				ASSETCATALOG_COMPILER_GLOBAL_ACCENT_COLOR_NAME = AccentColor;
				CODE_SIGN_STYLE = Automatic;
				CURRENT_PROJECT_VERSION = 1;
				DEVELOPMENT_ASSET_PATHS = "\"ReduxPlayground/Preview Content\"";
				DEVELOPMENT_TEAM = 874QFG5XXD;
				ENABLE_PREVIEWS = YES;
				GENERATE_INFOPLIST_FILE = YES;
				INFOPLIST_KEY_UIApplicationSceneManifest_Generation = YES;
				INFOPLIST_KEY_UIApplicationSupportsIndirectInputEvents = YES;
				INFOPLIST_KEY_UILaunchScreen_Generation = YES;
				INFOPLIST_KEY_UISupportedInterfaceOrientations_iPad = "UIInterfaceOrientationPortrait UIInterfaceOrientationPortraitUpsideDown UIInterfaceOrientationLandscapeLeft UIInterfaceOrientationLandscapeRight";
				INFOPLIST_KEY_UISupportedInterfaceOrientations_iPhone = "UIInterfaceOrientationPortrait UIInterfaceOrientationLandscapeLeft UIInterfaceOrientationLandscapeRight";
				LD_RUNPATH_SEARCH_PATHS = (
					"$(inherited)",
					"@executable_path/Frameworks",
				);
				MARKETING_VERSION = 1.0;
				PRODUCT_BUNDLE_IDENTIFIER = ua.smr.ReduxPlayground;
				PRODUCT_NAME = "$(TARGET_NAME)";
				SWIFT_EMIT_LOC_STRINGS = YES;
				SWIFT_VERSION = 5.0;
				TARGETED_DEVICE_FAMILY = "1,2";
			};
			name = Release;
		};
		11F775C62A275E8C00ED1BDA /* Debug */ = {
			isa = XCBuildConfiguration;
			buildSettings = {
				ALWAYS_EMBED_SWIFT_STANDARD_LIBRARIES = YES;
				BUNDLE_LOADER = "$(TEST_HOST)";
				CODE_SIGN_STYLE = Automatic;
				CURRENT_PROJECT_VERSION = 1;
				DEVELOPMENT_TEAM = 874QFG5XXD;
				GENERATE_INFOPLIST_FILE = YES;
				IPHONEOS_DEPLOYMENT_TARGET = 16.4;
				MARKETING_VERSION = 1.0;
				PRODUCT_BUNDLE_IDENTIFIER = ua.smr.ReduxPlaygroundTests;
				PRODUCT_NAME = "$(TARGET_NAME)";
				SWIFT_EMIT_LOC_STRINGS = NO;
				SWIFT_VERSION = 5.0;
				TARGETED_DEVICE_FAMILY = "1,2";
				TEST_HOST = "$(BUILT_PRODUCTS_DIR)/ReduxPlayground.app/$(BUNDLE_EXECUTABLE_FOLDER_PATH)/ReduxPlayground";
			};
			name = Debug;
		};
		11F775C72A275E8C00ED1BDA /* Release */ = {
			isa = XCBuildConfiguration;
			buildSettings = {
				ALWAYS_EMBED_SWIFT_STANDARD_LIBRARIES = YES;
				BUNDLE_LOADER = "$(TEST_HOST)";
				CODE_SIGN_STYLE = Automatic;
				CURRENT_PROJECT_VERSION = 1;
				DEVELOPMENT_TEAM = 874QFG5XXD;
				GENERATE_INFOPLIST_FILE = YES;
				IPHONEOS_DEPLOYMENT_TARGET = 16.4;
				MARKETING_VERSION = 1.0;
				PRODUCT_BUNDLE_IDENTIFIER = ua.smr.ReduxPlaygroundTests;
				PRODUCT_NAME = "$(TARGET_NAME)";
				SWIFT_EMIT_LOC_STRINGS = NO;
				SWIFT_VERSION = 5.0;
				TARGETED_DEVICE_FAMILY = "1,2";
				TEST_HOST = "$(BUILT_PRODUCTS_DIR)/ReduxPlayground.app/$(BUNDLE_EXECUTABLE_FOLDER_PATH)/ReduxPlayground";
			};
			name = Release;
		};
		11F775C92A275E8C00ED1BDA /* Debug */ = {
			isa = XCBuildConfiguration;
			buildSettings = {
				ALWAYS_EMBED_SWIFT_STANDARD_LIBRARIES = YES;
				CODE_SIGN_STYLE = Automatic;
				CURRENT_PROJECT_VERSION = 1;
				DEVELOPMENT_TEAM = 874QFG5XXD;
				GENERATE_INFOPLIST_FILE = YES;
				MARKETING_VERSION = 1.0;
				PRODUCT_BUNDLE_IDENTIFIER = ua.smr.ReduxPlaygroundUITests;
				PRODUCT_NAME = "$(TARGET_NAME)";
				SWIFT_EMIT_LOC_STRINGS = NO;
				SWIFT_VERSION = 5.0;
				TARGETED_DEVICE_FAMILY = "1,2";
				TEST_TARGET_NAME = ReduxPlayground;
			};
			name = Debug;
		};
		11F775CA2A275E8C00ED1BDA /* Release */ = {
			isa = XCBuildConfiguration;
			buildSettings = {
				ALWAYS_EMBED_SWIFT_STANDARD_LIBRARIES = YES;
				CODE_SIGN_STYLE = Automatic;
				CURRENT_PROJECT_VERSION = 1;
				DEVELOPMENT_TEAM = 874QFG5XXD;
				GENERATE_INFOPLIST_FILE = YES;
				MARKETING_VERSION = 1.0;
				PRODUCT_BUNDLE_IDENTIFIER = ua.smr.ReduxPlaygroundUITests;
				PRODUCT_NAME = "$(TARGET_NAME)";
				SWIFT_EMIT_LOC_STRINGS = NO;
				SWIFT_VERSION = 5.0;
				TARGETED_DEVICE_FAMILY = "1,2";
				TEST_TARGET_NAME = ReduxPlayground;
			};
			name = Release;
		};
/* End XCBuildConfiguration section */

/* Begin XCConfigurationList section */
		11F775992A275E8700ED1BDA /* Build configuration list for PBXProject "ReduxPlayground" */ = {
			isa = XCConfigurationList;
			buildConfigurations = (
				11F775C02A275E8C00ED1BDA /* Debug */,
				11F775C12A275E8C00ED1BDA /* Release */,
			);
			defaultConfigurationIsVisible = 0;
			defaultConfigurationName = Release;
		};
		11F775C22A275E8C00ED1BDA /* Build configuration list for PBXNativeTarget "ReduxPlayground" */ = {
			isa = XCConfigurationList;
			buildConfigurations = (
				11F775C32A275E8C00ED1BDA /* Debug */,
				11F775C42A275E8C00ED1BDA /* Release */,
			);
			defaultConfigurationIsVisible = 0;
			defaultConfigurationName = Release;
		};
		11F775C52A275E8C00ED1BDA /* Build configuration list for PBXNativeTarget "ReduxPlaygroundTests" */ = {
			isa = XCConfigurationList;
			buildConfigurations = (
				11F775C62A275E8C00ED1BDA /* Debug */,
				11F775C72A275E8C00ED1BDA /* Release */,
			);
			defaultConfigurationIsVisible = 0;
			defaultConfigurationName = Release;
		};
		11F775C82A275E8C00ED1BDA /* Build configuration list for PBXNativeTarget "ReduxPlaygroundUITests" */ = {
			isa = XCConfigurationList;
			buildConfigurations = (
				11F775C92A275E8C00ED1BDA /* Debug */,
				11F775CA2A275E8C00ED1BDA /* Release */,
			);
			defaultConfigurationIsVisible = 0;
			defaultConfigurationName = Release;
		};
/* End XCConfigurationList section */
	};
	rootObject = 11F775962A275E8700ED1BDA /* Project object */;
}
